// !$*UTF8*$!
{
	archiveVersion = 1;
	classes = {
	};
	objectVersion = 46;
	objects = {

/* Begin PBXBuildFile section */
		54B7FB811DC3E8B6002B854A /* BotViewController.swift in Sources */ = {isa = PBXBuildFile; fileRef = 54B7FB801DC3E8B6002B854A /* BotViewController.swift */; };
		54B7FB861DC3EB28002B854A /* ActivityIndicator.swift in Sources */ = {isa = PBXBuildFile; fileRef = 54B7FB821DC3EB28002B854A /* ActivityIndicator.swift */; };
		54B7FB871DC3EB28002B854A /* RxSwiftCustom.swift in Sources */ = {isa = PBXBuildFile; fileRef = 54B7FB851DC3EB28002B854A /* RxSwiftCustom.swift */; };
		54B7FB901DC3ED09002B854A /* NGNetworking .swift in Sources */ = {isa = PBXBuildFile; fileRef = 54B7FB8E1DC3ED09002B854A /* NGNetworking .swift */; };
		54B7FB911DC3ED09002B854A /* NGService.swift in Sources */ = {isa = PBXBuildFile; fileRef = 54B7FB8F1DC3ED09002B854A /* NGService.swift */; };
		54B7FB941DC3EF2A002B854A /* SockSearchViewModel.swift in Sources */ = {isa = PBXBuildFile; fileRef = 54B7FB931DC3EF2A002B854A /* SockSearchViewModel.swift */; };
		54B7FB971DC3F273002B854A /* StockInfo.swift in Sources */ = {isa = PBXBuildFile; fileRef = 54B7FB961DC3F273002B854A /* StockInfo.swift */; };
		54E974B11DC3E16F00003696 /* ChartView.swift in Sources */ = {isa = PBXBuildFile; fileRef = 54E974A71DC3E16F00003696 /* ChartView.swift */; };
		54E974B21DC3E16F00003696 /* DetailViewController.swift in Sources */ = {isa = PBXBuildFile; fileRef = 54E974A81DC3E16F00003696 /* DetailViewController.swift */; };
		54E974B31DC3E16F00003696 /* Info.plist in Resources */ = {isa = PBXBuildFile; fileRef = 54E974A91DC3E16F00003696 /* Info.plist */; };
		54E974B41DC3E16F00003696 /* StockCell.swift in Sources */ = {isa = PBXBuildFile; fileRef = 54E974AA1DC3E16F00003696 /* StockCell.swift */; };
		54E974B51DC3E16F00003696 /* StockCell.xib in Resources */ = {isa = PBXBuildFile; fileRef = 54E974AB1DC3E16F00003696 /* StockCell.xib */; };
		54E974B61DC3E16F00003696 /* StockDataCell.swift in Sources */ = {isa = PBXBuildFile; fileRef = 54E974AC1DC3E16F00003696 /* StockDataCell.swift */; };
		54E974B71DC3E16F00003696 /* StockDataCell.xib in Resources */ = {isa = PBXBuildFile; fileRef = 54E974AD1DC3E16F00003696 /* StockDataCell.xib */; };
		54E974B81DC3E16F00003696 /* SwiftStockKit.swift in Sources */ = {isa = PBXBuildFile; fileRef = 54E974AE1DC3E16F00003696 /* SwiftStockKit.swift */; };
		54E974B91DC3E16F00003696 /* ViewController.swift in Sources */ = {isa = PBXBuildFile; fileRef = 54E974AF1DC3E16F00003696 /* ViewController.swift */; };
		54E974BB1DC3E1D500003696 /* AppDelegate.swift in Sources */ = {isa = PBXBuildFile; fileRef = 54E974BA1DC3E1D500003696 /* AppDelegate.swift */; };
		B5FB6F5F1DC39C390018F4A2 /* Main.storyboard in Resources */ = {isa = PBXBuildFile; fileRef = B5FB6F5D1DC39C390018F4A2 /* Main.storyboard */; };
		B5FB6F611DC39C390018F4A2 /* Assets.xcassets in Resources */ = {isa = PBXBuildFile; fileRef = B5FB6F601DC39C390018F4A2 /* Assets.xcassets */; };
		B5FB6F641DC39C390018F4A2 /* LaunchScreen.storyboard in Resources */ = {isa = PBXBuildFile; fileRef = B5FB6F621DC39C390018F4A2 /* LaunchScreen.storyboard */; };
		EC10A45C3C264EEC7F259075 /* Pods_Fintegration.framework in Frameworks */ = {isa = PBXBuildFile; fileRef = 277C56D5388144039F64950C /* Pods_Fintegration.framework */; };
/* End PBXBuildFile section */

/* Begin PBXFileReference section */
		057A791069237EF85D44E032 /* Pods-Fintegration.debug.xcconfig */ = {isa = PBXFileReference; includeInIndex = 1; lastKnownFileType = text.xcconfig; name = "Pods-Fintegration.debug.xcconfig"; path = "Pods/Target Support Files/Pods-Fintegration/Pods-Fintegration.debug.xcconfig"; sourceTree = "<group>"; };
		277C56D5388144039F64950C /* Pods_Fintegration.framework */ = {isa = PBXFileReference; explicitFileType = wrapper.framework; includeInIndex = 0; path = Pods_Fintegration.framework; sourceTree = BUILT_PRODUCTS_DIR; };
		54B7FB801DC3E8B6002B854A /* BotViewController.swift */ = {isa = PBXFileReference; fileEncoding = 4; lastKnownFileType = sourcecode.swift; path = BotViewController.swift; sourceTree = "<group>"; };
		54B7FB821DC3EB28002B854A /* ActivityIndicator.swift */ = {isa = PBXFileReference; fileEncoding = 4; lastKnownFileType = sourcecode.swift; path = ActivityIndicator.swift; sourceTree = "<group>"; };
		54B7FB851DC3EB28002B854A /* RxSwiftCustom.swift */ = {isa = PBXFileReference; fileEncoding = 4; lastKnownFileType = sourcecode.swift; path = RxSwiftCustom.swift; sourceTree = "<group>"; };
		54B7FB8E1DC3ED09002B854A /* NGNetworking .swift */ = {isa = PBXFileReference; fileEncoding = 4; lastKnownFileType = sourcecode.swift; path = "NGNetworking .swift"; sourceTree = "<group>"; };
		54B7FB8F1DC3ED09002B854A /* NGService.swift */ = {isa = PBXFileReference; fileEncoding = 4; lastKnownFileType = sourcecode.swift; path = NGService.swift; sourceTree = "<group>"; };
		54B7FB931DC3EF2A002B854A /* SockSearchViewModel.swift */ = {isa = PBXFileReference; fileEncoding = 4; lastKnownFileType = sourcecode.swift; name = SockSearchViewModel.swift; path = Stocks/SockSearchViewModel.swift; sourceTree = "<group>"; };
		54B7FB961DC3F273002B854A /* StockInfo.swift */ = {isa = PBXFileReference; fileEncoding = 4; lastKnownFileType = sourcecode.swift; name = StockInfo.swift; path = Stocks/Models/StockInfo.swift; sourceTree = "<group>"; };
		54E974A71DC3E16F00003696 /* ChartView.swift */ = {isa = PBXFileReference; fileEncoding = 4; lastKnownFileType = sourcecode.swift; path = ChartView.swift; sourceTree = "<group>"; };
		54E974A81DC3E16F00003696 /* DetailViewController.swift */ = {isa = PBXFileReference; fileEncoding = 4; lastKnownFileType = sourcecode.swift; path = DetailViewController.swift; sourceTree = "<group>"; };
		54E974A91DC3E16F00003696 /* Info.plist */ = {isa = PBXFileReference; fileEncoding = 4; lastKnownFileType = text.plist.xml; path = Info.plist; sourceTree = "<group>"; };
		54E974AA1DC3E16F00003696 /* StockCell.swift */ = {isa = PBXFileReference; fileEncoding = 4; lastKnownFileType = sourcecode.swift; path = StockCell.swift; sourceTree = "<group>"; };
		54E974AB1DC3E16F00003696 /* StockCell.xib */ = {isa = PBXFileReference; fileEncoding = 4; lastKnownFileType = file.xib; path = StockCell.xib; sourceTree = "<group>"; };
		54E974AC1DC3E16F00003696 /* StockDataCell.swift */ = {isa = PBXFileReference; fileEncoding = 4; lastKnownFileType = sourcecode.swift; path = StockDataCell.swift; sourceTree = "<group>"; };
		54E974AD1DC3E16F00003696 /* StockDataCell.xib */ = {isa = PBXFileReference; fileEncoding = 4; lastKnownFileType = file.xib; path = StockDataCell.xib; sourceTree = "<group>"; };
		54E974AE1DC3E16F00003696 /* SwiftStockKit.swift */ = {isa = PBXFileReference; fileEncoding = 4; lastKnownFileType = sourcecode.swift; path = SwiftStockKit.swift; sourceTree = "<group>"; };
		54E974AF1DC3E16F00003696 /* ViewController.swift */ = {isa = PBXFileReference; fileEncoding = 4; lastKnownFileType = sourcecode.swift; path = ViewController.swift; sourceTree = "<group>"; };
		54E974BA1DC3E1D500003696 /* AppDelegate.swift */ = {isa = PBXFileReference; fileEncoding = 4; lastKnownFileType = sourcecode.swift; path = AppDelegate.swift; sourceTree = "<group>"; };
		7F0DA64BDE02F5A1557E3347 /* Pods-Fintegration.release.xcconfig */ = {isa = PBXFileReference; includeInIndex = 1; lastKnownFileType = text.xcconfig; name = "Pods-Fintegration.release.xcconfig"; path = "Pods/Target Support Files/Pods-Fintegration/Pods-Fintegration.release.xcconfig"; sourceTree = "<group>"; };
		B5FB6F561DC39C370018F4A2 /* Fintegration.app */ = {isa = PBXFileReference; explicitFileType = wrapper.application; includeInIndex = 0; path = Fintegration.app; sourceTree = BUILT_PRODUCTS_DIR; };
		B5FB6F5E1DC39C390018F4A2 /* Base */ = {isa = PBXFileReference; lastKnownFileType = file.storyboard; name = Base; path = Base.lproj/Main.storyboard; sourceTree = "<group>"; };
		B5FB6F601DC39C390018F4A2 /* Assets.xcassets */ = {isa = PBXFileReference; lastKnownFileType = folder.assetcatalog; path = Assets.xcassets; sourceTree = "<group>"; };
		B5FB6F631DC39C390018F4A2 /* Base */ = {isa = PBXFileReference; lastKnownFileType = file.storyboard; name = Base; path = Base.lproj/LaunchScreen.storyboard; sourceTree = "<group>"; };
		B5FB6F651DC39C390018F4A2 /* Info.plist */ = {isa = PBXFileReference; lastKnownFileType = text.plist.xml; path = Info.plist; sourceTree = "<group>"; };
/* End PBXFileReference section */

/* Begin PBXFrameworksBuildPhase section */
		B5FB6F531DC39C370018F4A2 /* Frameworks */ = {
			isa = PBXFrameworksBuildPhase;
			buildActionMask = 2147483647;
			files = (
				EC10A45C3C264EEC7F259075 /* Pods_Fintegration.framework in Frameworks */,
			);
			runOnlyForDeploymentPostprocessing = 0;
		};
/* End PBXFrameworksBuildPhase section */

/* Begin PBXGroup section */
		54B5F52E25435C884761AE5A /* Frameworks */ = {
			isa = PBXGroup;
			children = (
				277C56D5388144039F64950C /* Pods_Fintegration.framework */,
			);
			name = Frameworks;
			sourceTree = "<group>";
		};
		54B7FB831DC3EB28002B854A /* Managers */ = {
			isa = PBXGroup;
			children = (
				54B7FB8E1DC3ED09002B854A /* NGNetworking .swift */,
				54B7FB8F1DC3ED09002B854A /* NGService.swift */,
			);
			path = Managers;
			sourceTree = "<group>";
		};
		54B7FB841DC3EB28002B854A /* RxSwift+Extra */ = {
			isa = PBXGroup;
			children = (
				54B7FB851DC3EB28002B854A /* RxSwiftCustom.swift */,
			);
			path = "RxSwift+Extra";
			sourceTree = "<group>";
		};
		54B7FB921DC3EEF9002B854A /* Stocks */ = {
			isa = PBXGroup;
			children = (
				54B7FB951DC3F25E002B854A /* Models */,
				54E974A71DC3E16F00003696 /* ChartView.swift */,
				54E974AA1DC3E16F00003696 /* StockCell.swift */,
				54E974AB1DC3E16F00003696 /* StockCell.xib */,
				54E974AC1DC3E16F00003696 /* StockDataCell.swift */,
				54E974AD1DC3E16F00003696 /* StockDataCell.xib */,
				54E974A81DC3E16F00003696 /* DetailViewController.swift */,
				54E974AE1DC3E16F00003696 /* SwiftStockKit.swift */,
				54E974AF1DC3E16F00003696 /* ViewController.swift */,
				54B7FB931DC3EF2A002B854A /* SockSearchViewModel.swift */,
			);
			name = Stocks;
			sourceTree = "<group>";
		};
		54B7FB951DC3F25E002B854A /* Models */ = {
			isa = PBXGroup;
			children = (
				54B7FB961DC3F273002B854A /* StockInfo.swift */,
			);
			name = Models;
			sourceTree = "<group>";
		};
		9E01E023A511649709FD5345 /* Pods */ = {
			isa = PBXGroup;
			children = (
				057A791069237EF85D44E032 /* Pods-Fintegration.debug.xcconfig */,
				7F0DA64BDE02F5A1557E3347 /* Pods-Fintegration.release.xcconfig */,
			);
			name = Pods;
			sourceTree = "<group>";
		};
		B5FB6F4D1DC39C350018F4A2 = {
			isa = PBXGroup;
			children = (
				B5FB6F581DC39C370018F4A2 /* Fintegration */,
				B5FB6F571DC39C370018F4A2 /* Products */,
				9E01E023A511649709FD5345 /* Pods */,
				54B5F52E25435C884761AE5A /* Frameworks */,
			);
			sourceTree = "<group>";
		};
		B5FB6F571DC39C370018F4A2 /* Products */ = {
			isa = PBXGroup;
			children = (
				B5FB6F561DC39C370018F4A2 /* Fintegration.app */,
			);
			name = Products;
			sourceTree = "<group>";
		};
		B5FB6F581DC39C370018F4A2 /* Fintegration */ = {
			isa = PBXGroup;
			children = (
				54B7FB921DC3EEF9002B854A /* Stocks */,
				54B7FB821DC3EB28002B854A /* ActivityIndicator.swift */,
				54B7FB831DC3EB28002B854A /* Managers */,
				54B7FB841DC3EB28002B854A /* RxSwift+Extra */,
				54E974A91DC3E16F00003696 /* Info.plist */,
				54E974BA1DC3E1D500003696 /* AppDelegate.swift */,
				B5FB6F5D1DC39C390018F4A2 /* Main.storyboard */,
				B5FB6F601DC39C390018F4A2 /* Assets.xcassets */,
				B5FB6F621DC39C390018F4A2 /* LaunchScreen.storyboard */,
				B5FB6F651DC39C390018F4A2 /* Info.plist */,
				54B7FB801DC3E8B6002B854A /* BotViewController.swift */,
			);
			path = Fintegration;
			sourceTree = "<group>";
		};
/* End PBXGroup section */

/* Begin PBXNativeTarget section */
		B5FB6F551DC39C370018F4A2 /* Fintegration */ = {
			isa = PBXNativeTarget;
			buildConfigurationList = B5FB6F681DC39C390018F4A2 /* Build configuration list for PBXNativeTarget "Fintegration" */;
			buildPhases = (
				970047E1AEECDA80DBC42DFD /* [CP] Check Pods Manifest.lock */,
				B5FB6F521DC39C370018F4A2 /* Sources */,
				B5FB6F531DC39C370018F4A2 /* Frameworks */,
				B5FB6F541DC39C370018F4A2 /* Resources */,
				E5F8B527B707782A535EE0A9 /* [CP] Embed Pods Frameworks */,
				6ABA14317F5D2A9043990F11 /* [CP] Copy Pods Resources */,
			);
			buildRules = (
			);
			dependencies = (
			);
			name = Fintegration;
			productName = Fintegration;
			productReference = B5FB6F561DC39C370018F4A2 /* Fintegration.app */;
			productType = "com.apple.product-type.application";
		};
/* End PBXNativeTarget section */

/* Begin PBXProject section */
		B5FB6F4E1DC39C360018F4A2 /* Project object */ = {
			isa = PBXProject;
			attributes = {
				LastSwiftUpdateCheck = 0800;
				LastUpgradeCheck = 0800;
				ORGANIZATIONNAME = "Erik Arakelyan";
				TargetAttributes = {
					B5FB6F551DC39C370018F4A2 = {
						CreatedOnToolsVersion = 8.0;
						DevelopmentTeam = K6F93745LW;
						ProvisioningStyle = Automatic;
					};
				};
			};
			buildConfigurationList = B5FB6F511DC39C360018F4A2 /* Build configuration list for PBXProject "Fintegration" */;
			compatibilityVersion = "Xcode 3.2";
			developmentRegion = English;
			hasScannedForEncodings = 0;
			knownRegions = (
				en,
				Base,
			);
			mainGroup = B5FB6F4D1DC39C350018F4A2;
			productRefGroup = B5FB6F571DC39C370018F4A2 /* Products */;
			projectDirPath = "";
			projectRoot = "";
			targets = (
				B5FB6F551DC39C370018F4A2 /* Fintegration */,
			);
		};
/* End PBXProject section */

/* Begin PBXResourcesBuildPhase section */
		B5FB6F541DC39C370018F4A2 /* Resources */ = {
			isa = PBXResourcesBuildPhase;
			buildActionMask = 2147483647;
			files = (
				54E974B31DC3E16F00003696 /* Info.plist in Resources */,
				B5FB6F641DC39C390018F4A2 /* LaunchScreen.storyboard in Resources */,
				54E974B51DC3E16F00003696 /* StockCell.xib in Resources */,
				B5FB6F611DC39C390018F4A2 /* Assets.xcassets in Resources */,
				54E974B71DC3E16F00003696 /* StockDataCell.xib in Resources */,
				B5FB6F5F1DC39C390018F4A2 /* Main.storyboard in Resources */,
			);
			runOnlyForDeploymentPostprocessing = 0;
		};
/* End PBXResourcesBuildPhase section */

/* Begin PBXShellScriptBuildPhase section */
		6ABA14317F5D2A9043990F11 /* [CP] Copy Pods Resources */ = {
			isa = PBXShellScriptBuildPhase;
			buildActionMask = 2147483647;
			files = (
			);
			inputPaths = (
			);
			name = "[CP] Copy Pods Resources";
			outputPaths = (
			);
			runOnlyForDeploymentPostprocessing = 0;
			shellPath = /bin/sh;
			shellScript = "\"${SRCROOT}/Pods/Target Support Files/Pods-Fintegration/Pods-Fintegration-resources.sh\"\n";
			showEnvVarsInLog = 0;
		};
		970047E1AEECDA80DBC42DFD /* [CP] Check Pods Manifest.lock */ = {
			isa = PBXShellScriptBuildPhase;
			buildActionMask = 2147483647;
			files = (
			);
			inputPaths = (
			);
			name = "[CP] Check Pods Manifest.lock";
			outputPaths = (
			);
			runOnlyForDeploymentPostprocessing = 0;
			shellPath = /bin/sh;
			shellScript = "diff \"${PODS_ROOT}/../Podfile.lock\" \"${PODS_ROOT}/Manifest.lock\" > /dev/null\nif [ $? != 0 ] ; then\n    # print error to STDERR\n    echo \"error: The sandbox is not in sync with the Podfile.lock. Run 'pod install' or update your CocoaPods installation.\" >&2\n    exit 1\nfi\n";
			showEnvVarsInLog = 0;
		};
		E5F8B527B707782A535EE0A9 /* [CP] Embed Pods Frameworks */ = {
			isa = PBXShellScriptBuildPhase;
			buildActionMask = 2147483647;
			files = (
			);
			inputPaths = (
			);
			name = "[CP] Embed Pods Frameworks";
			outputPaths = (
			);
			runOnlyForDeploymentPostprocessing = 0;
			shellPath = /bin/sh;
			shellScript = "\"${SRCROOT}/Pods/Target Support Files/Pods-Fintegration/Pods-Fintegration-frameworks.sh\"\n";
			showEnvVarsInLog = 0;
		};
/* End PBXShellScriptBuildPhase section */

/* Begin PBXSourcesBuildPhase section */
		B5FB6F521DC39C370018F4A2 /* Sources */ = {
			isa = PBXSourcesBuildPhase;
			buildActionMask = 2147483647;
			files = (
				54B7FB971DC3F273002B854A /* StockInfo.swift in Sources */,
				54E974B61DC3E16F00003696 /* StockDataCell.swift in Sources */,
				54E974BB1DC3E1D500003696 /* AppDelegate.swift in Sources */,
				54E974B91DC3E16F00003696 /* ViewController.swift in Sources */,
				54E974B41DC3E16F00003696 /* StockCell.swift in Sources */,
				54B7FB871DC3EB28002B854A /* RxSwiftCustom.swift in Sources */,
				54E974B21DC3E16F00003696 /* DetailViewController.swift in Sources */,
				54E974B11DC3E16F00003696 /* ChartView.swift in Sources */,
				54B7FB811DC3E8B6002B854A /* BotViewController.swift in Sources */,
				54B7FB941DC3EF2A002B854A /* SockSearchViewModel.swift in Sources */,
				54B7FB911DC3ED09002B854A /* NGService.swift in Sources */,
				54B7FB861DC3EB28002B854A /* ActivityIndicator.swift in Sources */,
				54E974B81DC3E16F00003696 /* SwiftStockKit.swift in Sources */,
				54B7FB901DC3ED09002B854A /* NGNetworking .swift in Sources */,
			);
			runOnlyForDeploymentPostprocessing = 0;
		};
/* End PBXSourcesBuildPhase section */

/* Begin PBXVariantGroup section */
		B5FB6F5D1DC39C390018F4A2 /* Main.storyboard */ = {
			isa = PBXVariantGroup;
			children = (
				B5FB6F5E1DC39C390018F4A2 /* Base */,
			);
			name = Main.storyboard;
			sourceTree = "<group>";
		};
		B5FB6F621DC39C390018F4A2 /* LaunchScreen.storyboard */ = {
			isa = PBXVariantGroup;
			children = (
				B5FB6F631DC39C390018F4A2 /* Base */,
			);
			name = LaunchScreen.storyboard;
			sourceTree = "<group>";
		};
/* End PBXVariantGroup section */

/* Begin XCBuildConfiguration section */
		B5FB6F661DC39C390018F4A2 /* Debug */ = {
			isa = XCBuildConfiguration;
			buildSettings = {
				ALWAYS_SEARCH_USER_PATHS = NO;
				CLANG_ANALYZER_NONNULL = YES;
				CLANG_CXX_LANGUAGE_STANDARD = "gnu++0x";
				CLANG_CXX_LIBRARY = "libc++";
				CLANG_ENABLE_MODULES = YES;
				CLANG_ENABLE_OBJC_ARC = YES;
				CLANG_WARN_BOOL_CONVERSION = YES;
				CLANG_WARN_CONSTANT_CONVERSION = YES;
				CLANG_WARN_DIRECT_OBJC_ISA_USAGE = YES_ERROR;
				CLANG_WARN_DOCUMENTATION_COMMENTS = YES;
				CLANG_WARN_EMPTY_BODY = YES;
				CLANG_WARN_ENUM_CONVERSION = YES;
				CLANG_WARN_INFINITE_RECURSION = YES;
				CLANG_WARN_INT_CONVERSION = YES;
				CLANG_WARN_OBJC_ROOT_CLASS = YES_ERROR;
				CLANG_WARN_SUSPICIOUS_MOVES = YES;
				CLANG_WARN_UNREACHABLE_CODE = YES;
				CLANG_WARN__DUPLICATE_METHOD_MATCH = YES;
				"CODE_SIGN_IDENTITY[sdk=iphoneos*]" = "iPhone Developer";
				COPY_PHASE_STRIP = NO;
				DEBUG_INFORMATION_FORMAT = dwarf;
				ENABLE_STRICT_OBJC_MSGSEND = YES;
				ENABLE_TESTABILITY = YES;
				GCC_C_LANGUAGE_STANDARD = gnu99;
				GCC_DYNAMIC_NO_PIC = NO;
				GCC_NO_COMMON_BLOCKS = YES;
				GCC_OPTIMIZATION_LEVEL = 0;
				GCC_PREPROCESSOR_DEFINITIONS = (
					"DEBUG=1",
					"$(inherited)",
				);
				GCC_WARN_64_TO_32_BIT_CONVERSION = YES;
				GCC_WARN_ABOUT_RETURN_TYPE = YES_ERROR;
				GCC_WARN_UNDECLARED_SELECTOR = YES;
				GCC_WARN_UNINITIALIZED_AUTOS = YES_AGGRESSIVE;
				GCC_WARN_UNUSED_FUNCTION = YES;
				GCC_WARN_UNUSED_VARIABLE = YES;
				IPHONEOS_DEPLOYMENT_TARGET = 10.0;
				MTL_ENABLE_DEBUG_INFO = YES;
				ONLY_ACTIVE_ARCH = YES;
				SDKROOT = iphoneos;
				SWIFT_ACTIVE_COMPILATION_CONDITIONS = DEBUG;
				SWIFT_OPTIMIZATION_LEVEL = "-Onone";
			};
			name = Debug;
		};
		B5FB6F671DC39C390018F4A2 /* Release */ = {
			isa = XCBuildConfiguration;
			buildSettings = {
				ALWAYS_SEARCH_USER_PATHS = NO;
				CLANG_ANALYZER_NONNULL = YES;
				CLANG_CXX_LANGUAGE_STANDARD = "gnu++0x";
				CLANG_CXX_LIBRARY = "libc++";
				CLANG_ENABLE_MODULES = YES;
				CLANG_ENABLE_OBJC_ARC = YES;
				CLANG_WARN_BOOL_CONVERSION = YES;
				CLANG_WARN_CONSTANT_CONVERSION = YES;
				CLANG_WARN_DIRECT_OBJC_ISA_USAGE = YES_ERROR;
				CLANG_WARN_DOCUMENTATION_COMMENTS = YES;
				CLANG_WARN_EMPTY_BODY = YES;
				CLANG_WARN_ENUM_CONVERSION = YES;
				CLANG_WARN_INFINITE_RECURSION = YES;
				CLANG_WARN_INT_CONVERSION = YES;
				CLANG_WARN_OBJC_ROOT_CLASS = YES_ERROR;
				CLANG_WARN_SUSPICIOUS_MOVES = YES;
				CLANG_WARN_UNREACHABLE_CODE = YES;
				CLANG_WARN__DUPLICATE_METHOD_MATCH = YES;
				"CODE_SIGN_IDENTITY[sdk=iphoneos*]" = "iPhone Developer";
				COPY_PHASE_STRIP = NO;
				DEBUG_INFORMATION_FORMAT = "dwarf-with-dsym";
				ENABLE_NS_ASSERTIONS = NO;
				ENABLE_STRICT_OBJC_MSGSEND = YES;
				GCC_C_LANGUAGE_STANDARD = gnu99;
				GCC_NO_COMMON_BLOCKS = YES;
				GCC_WARN_64_TO_32_BIT_CONVERSION = YES;
				GCC_WARN_ABOUT_RETURN_TYPE = YES_ERROR;
				GCC_WARN_UNDECLARED_SELECTOR = YES;
				GCC_WARN_UNINITIALIZED_AUTOS = YES_AGGRESSIVE;
				GCC_WARN_UNUSED_FUNCTION = YES;
				GCC_WARN_UNUSED_VARIABLE = YES;
				IPHONEOS_DEPLOYMENT_TARGET = 10.0;
				MTL_ENABLE_DEBUG_INFO = NO;
				SDKROOT = iphoneos;
				SWIFT_OPTIMIZATION_LEVEL = "-Owholemodule";
				VALIDATE_PRODUCT = YES;
			};
			name = Release;
		};
		B5FB6F691DC39C390018F4A2 /* Debug */ = {
			isa = XCBuildConfiguration;
			baseConfigurationReference = 057A791069237EF85D44E032 /* Pods-Fintegration.debug.xcconfig */;
			buildSettings = {
				ASSETCATALOG_COMPILER_APPICON_NAME = AppIcon;
				DEVELOPMENT_TEAM = K6F93745LW;
				INFOPLIST_FILE = Fintegration/Info.plist;
				IPHONEOS_DEPLOYMENT_TARGET = 9.3;
				LD_RUNPATH_SEARCH_PATHS = "$(inherited) @executable_path/Frameworks";
				PRODUCT_BUNDLE_IDENTIFIER = scrival.Fintu;
				PRODUCT_NAME = "$(TARGET_NAME)";
				SWIFT_VERSION = 3.0;
			};
			name = Debug;
		};
		B5FB6F6A1DC39C390018F4A2 /* Release */ = {
			isa = XCBuildConfiguration;
			baseConfigurationReference = 7F0DA64BDE02F5A1557E3347 /* Pods-Fintegration.release.xcconfig */;
			buildSettings = {
				ASSETCATALOG_COMPILER_APPICON_NAME = AppIcon;
				DEVELOPMENT_TEAM = K6F93745LW;
				INFOPLIST_FILE = Fintegration/Info.plist;
				IPHONEOS_DEPLOYMENT_TARGET = 9.3;
				LD_RUNPATH_SEARCH_PATHS = "$(inherited) @executable_path/Frameworks";
				PRODUCT_BUNDLE_IDENTIFIER = scrival.Fintu;
				PRODUCT_NAME = "$(TARGET_NAME)";
				SWIFT_VERSION = 3.0;
			};
			name = Release;
		};
/* End XCBuildConfiguration section */

/* Begin XCConfigurationList section */
		B5FB6F511DC39C360018F4A2 /* Build configuration list for PBXProject "Fintegration" */ = {
			isa = XCConfigurationList;
			buildConfigurations = (
				B5FB6F661DC39C390018F4A2 /* Debug */,
				B5FB6F671DC39C390018F4A2 /* Release */,
			);
			defaultConfigurationIsVisible = 0;
			defaultConfigurationName = Release;
		};
		B5FB6F681DC39C390018F4A2 /* Build configuration list for PBXNativeTarget "Fintegration" */ = {
			isa = XCConfigurationList;
			buildConfigurations = (
				B5FB6F691DC39C390018F4A2 /* Debug */,
				B5FB6F6A1DC39C390018F4A2 /* Release */,
			);
			defaultConfigurationIsVisible = 0;
			defaultConfigurationName = Release;
		};
/* End XCConfigurationList section */
	};
	rootObject = B5FB6F4E1DC39C360018F4A2 /* Project object */;
}
